
Microsoft Visual Studio Solution File, Format Version 12.00
# Visual Studio Version 16
VisualStudioVersion = 16.0.31129.286
MinimumVisualStudioVersion = 10.0.40219.1
Project("{FAE04EC0-301F-11D3-BF4B-00C04F79EFBC}") = "SpecFlowSimpleProject", "SpecFlowSimpleProject.csproj", "{38549020-0A2F-4904-85F6-606D96754186}"
EndProject
Global
	GlobalSection(SolutionConfigurationPlatforms) = preSolution
		Debug|Any CPU = Debug|Any CPU
		Release|Any CPU = Release|Any CPU
	EndGlobalSection
	GlobalSection(ProjectConfigurationPlatforms) = postSolution
		{38549020-0A2F-4904-85F6-606D96754186}.Debug|Any CPU.ActiveCfg = Debug|Any CPU
		{38549020-0A2F-4904-85F6-606D96754186}.Debug|Any CPU.Build.0 = Debug|Any CPU
		{38549020-0A2F-4904-85F6-606D96754186}.Release|Any CPU.ActiveCfg = Release|Any CPU
		{38549020-0A2F-4904-85F6-606D96754186}.Release|Any CPU.Build.0 = Release|Any CPU
	EndGlobalSection
	GlobalSection(SolutionProperties) = preSolution
		HideSolutionNode = FALSE
	EndGlobalSection
	GlobalSection(ExtensibilityGlobals) = postSolution
		SolutionGuid = {DFC33DFC-C3D8-404C-9856-B8470C4E3D2D}
	EndGlobalSection
EndGlobal
